Microsoft Visual Studio Solution File, Format Version 11.00
# Visual Studio 2010
Project("{FAE04EC0-301F-11D3-BF4B-00C04F79EFBC}") = "Assembly-CSharp", "Assembly-CSharp.csproj", "{602C29C8-DAA1-1A29-8113-260DC5746417}"
EndProject
Global
	GlobalSection(SolutionConfigurationPlatforms) = preSolution
		Debug|Any CPU = Debug|Any CPU
		Release|Any CPU = Release|Any CPU
	EndGlobalSection
	GlobalSection(ProjectConfigurationPlatforms) = postSolution
		{602C29C8-DAA1-1A29-8113-260DC5746417}.Debug|Any CPU.ActiveCfg = Debug|Any CPU
		{602C29C8-DAA1-1A29-8113-260DC5746417}.Debug|Any CPU.Build.0 = Debug|Any CPU
		{602C29C8-DAA1-1A29-8113-260DC5746417}.Release|Any CPU.ActiveCfg = Release|Any CPU
		{602C29C8-DAA1-1A29-8113-260DC5746417}.Release|Any CPU.Build.0 = Release|Any CPU
	EndGlobalSection
	GlobalSection(SolutionProperties) = preSolution
		HideSolutionNode = FALSE
	EndGlobalSection
	GlobalSection(MonoDevelopProperties) = preSolution
		StartupItem = Assembly-CSharp.csproj
	EndGlobalSection
EndGlobal
